
Microsoft Visual Studio Solution File, Format Version 12.00
# Visual Studio Version 16
VisualStudioVersion = 16.0.29409.12
MinimumVisualStudioVersion = 10.0.40219.1
Project("{FAE04EC0-301F-11D3-BF4B-00C04F79EFBC}") = "Web", "Web\Web.csproj", "{CC3C3DB5-EFE5-423A-B45D-AF7137854CB3}"
EndProject
Project("{FAE04EC0-301F-11D3-BF4B-00C04F79EFBC}") = "Core", "Core\Core.csproj", "{353D3A18-13C8-424A-A7A7-E03D060A3C30}"
EndProject
Project("{FAE04EC0-301F-11D3-BF4B-00C04F79EFBC}") = "Tests", "Tests\Tests.csproj", "{DBD9439E-54B7-4495-A54C-805130F92410}"
EndProject
Global
	GlobalSection(SolutionConfigurationPlatforms) = preSolution
		Debug|Any CPU = Debug|Any CPU
		Release|Any CPU = Release|Any CPU
	EndGlobalSection
	GlobalSection(ProjectConfigurationPlatforms) = postSolution
		{CC3C3DB5-EFE5-423A-B45D-AF7137854CB3}.Debug|Any CPU.ActiveCfg = Debug|Any CPU
		{CC3C3DB5-EFE5-423A-B45D-AF7137854CB3}.Debug|Any CPU.Build.0 = Debug|Any CPU
		{CC3C3DB5-EFE5-423A-B45D-AF7137854CB3}.Release|Any CPU.ActiveCfg = Release|Any CPU
		{CC3C3DB5-EFE5-423A-B45D-AF7137854CB3}.Release|Any CPU.Build.0 = Release|Any CPU
		{353D3A18-13C8-424A-A7A7-E03D060A3C30}.Debug|Any CPU.ActiveCfg = Debug|Any CPU
		{353D3A18-13C8-424A-A7A7-E03D060A3C30}.Debug|Any CPU.Build.0 = Debug|Any CPU
		{353D3A18-13C8-424A-A7A7-E03D060A3C30}.Release|Any CPU.ActiveCfg = Release|Any CPU
		{353D3A18-13C8-424A-A7A7-E03D060A3C30}.Release|Any CPU.Build.0 = Release|Any CPU
		{DBD9439E-54B7-4495-A54C-805130F92410}.Debug|Any CPU.ActiveCfg = Debug|Any CPU
		{DBD9439E-54B7-4495-A54C-805130F92410}.Debug|Any CPU.Build.0 = Debug|Any CPU
		{DBD9439E-54B7-4495-A54C-805130F92410}.Release|Any CPU.ActiveCfg = Release|Any CPU
		{DBD9439E-54B7-4495-A54C-805130F92410}.Release|Any CPU.Build.0 = Release|Any CPU
	EndGlobalSection
	GlobalSection(SolutionProperties) = preSolution
		HideSolutionNode = FALSE
	EndGlobalSection
	GlobalSection(ExtensibilityGlobals) = postSolution
		SolutionGuid = {C914190F-6285-4EE9-9CBE-7786FB33563F}
	EndGlobalSection
EndGlobal
